<?xml version="1.0" encoding="utf-8"?>
<Project ToolsVersion="4.0" xmlns="http://schemas.microsoft.com/developer/msbuild/2003">
  <ItemGroup>
    <ClCompile Include="Camera.cpp" />
    <ClCompile Include="Character.cpp" />
    <ClCompile Include="CharacterCamera.cpp" />
    <ClCompile Include="Collision.cpp" />
    <ClCompile Include="Controller.cpp" />
    <ClCompile Include="Count.cpp" />
    <ClCompile Include="debugproc.cpp" />
    <ClCompile Include="Fade.cpp" />
    <ClCompile Include="Field.cpp" />
    <ClCompile Include="input.cpp" />
    <ClCompile Include="light.cpp" />
    <ClCompile Include="main.cpp" />
    <ClCompile Include="mondai.cpp" />
    <ClCompile Include="Limit.cpp" />
    <ClCompile Include="ObjectManager.cpp" />
    <ClCompile Include="SceneDebug.cpp" />
    <ClCompile Include="SceneGame.cpp" />
    <ClCompile Include="SceneManager.cpp" />
    <ClCompile Include="SceneModeSelect.cpp" />
    <ClCompile Include="SceneResult.cpp" />
    <ClCompile Include="SceneTitle.cpp" />
    <ClCompile Include="SceneTutorial.cpp" />
    <ClCompile Include="Sound.cpp" />
    <ClCompile Include="sprite.cpp" />
    <ClCompile Include="texture.cpp" />
    <ClCompile Include="BillBoard.cpp" />
  </ItemGroup>
  <ItemGroup>
    <ClInclude Include="Camera.h" />
    <ClInclude Include="CameraBase.h" />
    <ClInclude Include="Character.h" />
    <ClInclude Include="CharacterCamera.h" />
    <ClInclude Include="Collision.h" />
    <ClInclude Include="Controller.h" />
    <ClInclude Include="Count.h" />
    <ClInclude Include="debugproc.h" />
    <ClInclude Include="Fade.h" />
    <ClInclude Include="Field.h" />
    <ClInclude Include="input.h" />
    <ClInclude Include="light.h" />
    <ClInclude Include="main.h" />
    <ClInclude Include="mondai.h" />
    <ClInclude Include="Limit.h" />
    <ClInclude Include="ObjectManager.h" />
    <ClInclude Include="SceneBase.h" />
    <ClInclude Include="SceneDebug.h" />
    <ClInclude Include="SceneGame.h" />
    <ClInclude Include="SceneManager.h" />
    <ClInclude Include="SceneModeSelect.h" />
    <ClInclude Include="SceneResult.h" />
    <ClInclude Include="SceneTitle.h" />
    <ClInclude Include="SceneTutorial.h" />
    <ClInclude Include="Sound.h" />
    <ClInclude Include="sprite.h" />
    <ClInclude Include="texture.h" />
    <ClInclude Include="BillBoard.h" />
  </ItemGroup>
</Project>